
Microsoft Visual Studio Solution File, Format Version 12.00
# Visual Studio 15
VisualStudioVersion = 15.0.28307.489
MinimumVisualStudioVersion = 10.0.40219.1
Project("{9A19103F-16F7-4668-BE54-9A1E7A4F7556}") = "AngularUI", "AngularUI\AngularUI.csproj", "{BD5FA238-7B9E-403C-9029-884501312302}"
EndProject
Project("{9A19103F-16F7-4668-BE54-9A1E7A4F7556}") = "Common", "Common\Common.csproj", "{7706BC9B-B9B3-4BE0-8F0F-32DA3E255B5C}"
EndProject
Project("{9A19103F-16F7-4668-BE54-9A1E7A4F7556}") = "DomainClasses", "DomainClasses\DomainClasses.csproj", "{20C67D50-ED31-4061-8264-EE6F61C05F70}"
EndProject
Project("{9A19103F-16F7-4668-BE54-9A1E7A4F7556}") = "DataLayer", "DataLayer\DataLayer.csproj", "{80E69FF6-F7DB-4BD5-B552-5DFA593F4BAD}"
EndProject
Project("{9A19103F-16F7-4668-BE54-9A1E7A4F7556}") = "Services", "Services\Services.csproj", "{C0EA19CB-FB46-46B8-A84D-7016E15D3515}"
EndProject
Global
	GlobalSection(SolutionConfigurationPlatforms) = preSolution
		Debug|Any CPU = Debug|Any CPU
		Release|Any CPU = Release|Any CPU
	EndGlobalSection
	GlobalSection(ProjectConfigurationPlatforms) = postSolution
		{BD5FA238-7B9E-403C-9029-884501312302}.Debug|Any CPU.ActiveCfg = Debug|Any CPU
		{BD5FA238-7B9E-403C-9029-884501312302}.Debug|Any CPU.Build.0 = Debug|Any CPU
		{BD5FA238-7B9E-403C-9029-884501312302}.Release|Any CPU.ActiveCfg = Release|Any CPU
		{BD5FA238-7B9E-403C-9029-884501312302}.Release|Any CPU.Build.0 = Release|Any CPU
		{7706BC9B-B9B3-4BE0-8F0F-32DA3E255B5C}.Debug|Any CPU.ActiveCfg = Debug|Any CPU
		{7706BC9B-B9B3-4BE0-8F0F-32DA3E255B5C}.Debug|Any CPU.Build.0 = Debug|Any CPU
		{7706BC9B-B9B3-4BE0-8F0F-32DA3E255B5C}.Release|Any CPU.ActiveCfg = Release|Any CPU
		{7706BC9B-B9B3-4BE0-8F0F-32DA3E255B5C}.Release|Any CPU.Build.0 = Release|Any CPU
		{20C67D50-ED31-4061-8264-EE6F61C05F70}.Debug|Any CPU.ActiveCfg = Debug|Any CPU
		{20C67D50-ED31-4061-8264-EE6F61C05F70}.Debug|Any CPU.Build.0 = Debug|Any CPU
		{20C67D50-ED31-4061-8264-EE6F61C05F70}.Release|Any CPU.ActiveCfg = Release|Any CPU
		{20C67D50-ED31-4061-8264-EE6F61C05F70}.Release|Any CPU.Build.0 = Release|Any CPU
		{80E69FF6-F7DB-4BD5-B552-5DFA593F4BAD}.Debug|Any CPU.ActiveCfg = Debug|Any CPU
		{80E69FF6-F7DB-4BD5-B552-5DFA593F4BAD}.Debug|Any CPU.Build.0 = Debug|Any CPU
		{80E69FF6-F7DB-4BD5-B552-5DFA593F4BAD}.Release|Any CPU.ActiveCfg = Release|Any CPU
		{80E69FF6-F7DB-4BD5-B552-5DFA593F4BAD}.Release|Any CPU.Build.0 = Release|Any CPU
		{C0EA19CB-FB46-46B8-A84D-7016E15D3515}.Debug|Any CPU.ActiveCfg = Debug|Any CPU
		{C0EA19CB-FB46-46B8-A84D-7016E15D3515}.Debug|Any CPU.Build.0 = Debug|Any CPU
		{C0EA19CB-FB46-46B8-A84D-7016E15D3515}.Release|Any CPU.ActiveCfg = Release|Any CPU
		{C0EA19CB-FB46-46B8-A84D-7016E15D3515}.Release|Any CPU.Build.0 = Release|Any CPU
	EndGlobalSection
	GlobalSection(SolutionProperties) = preSolution
		HideSolutionNode = FALSE
	EndGlobalSection
	GlobalSection(ExtensibilityGlobals) = postSolution
		SolutionGuid = {8C28F8E8-B5C0-4578-A834-57DF4F6B904E}
	EndGlobalSection
EndGlobal
